
Microsoft Visual Studio Solution File, Format Version 12.00
# Visual Studio Version 16
VisualStudioVersion = 16.0.31911.196
MinimumVisualStudioVersion = 10.0.40219.1
Project("{FAE04EC0-301F-11D3-BF4B-00C04F79EFBC}") = "ListaEncadeada", "ListaEncadeada\ListaEncadeada.csproj", "{63EA918A-6A62-457D-9FA7-5F00D8100175}"
EndProject
Global
	GlobalSection(SolutionConfigurationPlatforms) = preSolution
		Debug|Any CPU = Debug|Any CPU
		Release|Any CPU = Release|Any CPU
	EndGlobalSection
	GlobalSection(ProjectConfigurationPlatforms) = postSolution
		{63EA918A-6A62-457D-9FA7-5F00D8100175}.Debug|Any CPU.ActiveCfg = Debug|Any CPU
		{63EA918A-6A62-457D-9FA7-5F00D8100175}.Debug|Any CPU.Build.0 = Debug|Any CPU
		{63EA918A-6A62-457D-9FA7-5F00D8100175}.Release|Any CPU.ActiveCfg = Release|Any CPU
		{63EA918A-6A62-457D-9FA7-5F00D8100175}.Release|Any CPU.Build.0 = Release|Any CPU
	EndGlobalSection
	GlobalSection(SolutionProperties) = preSolution
		HideSolutionNode = FALSE
	EndGlobalSection
	GlobalSection(ExtensibilityGlobals) = postSolution
		SolutionGuid = {DF1E992A-48F5-43FD-8703-1E458F2EC9FD}
	EndGlobalSection
EndGlobal
